---
name: Nightly Cargo.lock update
on:
  schedule:
    - cron: 0 12 * * *
  workflow_dispatch: {}
permissions:
  actions: read
  contents: write
  pull-requests: write
  id-token: write
jobs:
  update-lock:
    runs-on: ubuntu-latest
    steps:
      - name: Harden the runner (Audit all outbound calls)
        uses: step-security/harden-runner@f4a75cfd619ee5ce8d5b864b0d183aff3c69b55a # v2.13.1
        with:
          egress-policy: audit
      - name: Checkout
        uses: actions/checkout@08c6903cd8c0fde910a37f88322edcfb5dd907a8 # v5.0.0
        with:
          fetch-depth: 0
          token: ${{ secrets.GITHUB_TOKEN }}
          ref: main
      - name: Prepare
        id: init
        uses: ./.github/actions/prepare

      # Get the output of the prepare composite action
      - name: Get cache-hit output
        run: 'echo "Cache hit >>>>>: ${{ steps.init.outputs.cache-hit }}"'
      - name: Cargo Update
        id: lock-file-commit
        run: |-
          cargo update
          git add Cargo.lock
          if ! git diff --cached --quiet Cargo.lock; then
            echo "changes=true" >> $GITHUB_OUTPUT
          else
            echo "Cargo.lock has no changes, skipping commit and push."
            exit 0
          fi
      - name: Create or update pull request
        uses: peter-evans/create-pull-request@271a8d0340265f705b14b6d32b9829c1cb33d45e # v7.0.8
        with:
          token: ${{ secrets.GITHUB_TOKEN }}
          title: 'chore: Updating lock file'
          sign-commits: true
          branch: update-cargo-lock
          delete-branch: true
          commit-message: 'chore: Updating lock file'
          body: |-
            This PR is generated automatically by GitHub Actions.
            It contains all dependency updates since the last run.
          base: main
          labels: dependencies, automation
